// !$*UTF8*$!
{
	archiveVersion = 1;
	classes = {
	};
	objectVersion = 56;
	objects = {

/* Begin PBXBuildFile section */
		79355D852A72C71900FF18CD /* MainViewController+UITableViewDelegate.swift in Sources */ = {isa = PBXBuildFile; fileRef = 79355D842A72C71900FF18CD /* MainViewController+UITableViewDelegate.swift */; };
		79355D872A72D46300FF18CD /* Card.swift in Sources */ = {isa = PBXBuildFile; fileRef = 79355D862A72D46300FF18CD /* Card.swift */; };
		79355D892A72D61D00FF18CD /* DebitCard.swift in Sources */ = {isa = PBXBuildFile; fileRef = 79355D882A72D61D00FF18CD /* DebitCard.swift */; };
		79355D8C2A72D70F00FF18CD /* JSONCoder.swift in Sources */ = {isa = PBXBuildFile; fileRef = 79355D8B2A72D70F00FF18CD /* JSONCoder.swift */; };
		79355D8E2A72E03D00FF18CD /* FakeCardNumberGenerator.swift in Sources */ = {isa = PBXBuildFile; fileRef = 79355D8D2A72E03D00FF18CD /* FakeCardNumberGenerator.swift */; };
		79F2F3002A72C17800801669 /* AppDelegate.swift in Sources */ = {isa = PBXBuildFile; fileRef = 79F2F2FF2A72C17800801669 /* AppDelegate.swift */; };
		79F2F3022A72C17800801669 /* SceneDelegate.swift in Sources */ = {isa = PBXBuildFile; fileRef = 79F2F3012A72C17800801669 /* SceneDelegate.swift */; };
		79F2F3042A72C17800801669 /* MainViewController.swift in Sources */ = {isa = PBXBuildFile; fileRef = 79F2F3032A72C17800801669 /* MainViewController.swift */; };
		79F2F3072A72C17800801669 /* Main.storyboard in Resources */ = {isa = PBXBuildFile; fileRef = 79F2F3052A72C17800801669 /* Main.storyboard */; };
		79F2F3092A72C17A00801669 /* Assets.xcassets in Resources */ = {isa = PBXBuildFile; fileRef = 79F2F3082A72C17A00801669 /* Assets.xcassets */; };
		79F2F30C2A72C17A00801669 /* LaunchScreen.storyboard in Resources */ = {isa = PBXBuildFile; fileRef = 79F2F30A2A72C17A00801669 /* LaunchScreen.storyboard */; };
		79F2F3142A72C26900801669 /* Coordinator.swift in Sources */ = {isa = PBXBuildFile; fileRef = 79F2F3132A72C26900801669 /* Coordinator.swift */; };
		79F2F3162A72C29B00801669 /* MainCoordinator.swift in Sources */ = {isa = PBXBuildFile; fileRef = 79F2F3152A72C29B00801669 /* MainCoordinator.swift */; };
		79F2F3182A72C32600801669 /* Storyboarded.swift in Sources */ = {isa = PBXBuildFile; fileRef = 79F2F3172A72C32600801669 /* Storyboarded.swift */; };
/* End PBXBuildFile section */

/* Begin PBXFileReference section */
		79355D842A72C71900FF18CD /* MainViewController+UITableViewDelegate.swift */ = {isa = PBXFileReference; lastKnownFileType = sourcecode.swift; path = "MainViewController+UITableViewDelegate.swift"; sourceTree = "<group>"; };
		79355D862A72D46300FF18CD /* Card.swift */ = {isa = PBXFileReference; lastKnownFileType = sourcecode.swift; path = Card.swift; sourceTree = "<group>"; };
		79355D882A72D61D00FF18CD /* DebitCard.swift */ = {isa = PBXFileReference; lastKnownFileType = sourcecode.swift; path = DebitCard.swift; sourceTree = "<group>"; };
		79355D8B2A72D70F00FF18CD /* JSONCoder.swift */ = {isa = PBXFileReference; lastKnownFileType = sourcecode.swift; path = JSONCoder.swift; sourceTree = "<group>"; };
		79355D8D2A72E03D00FF18CD /* FakeCardNumberGenerator.swift */ = {isa = PBXFileReference; lastKnownFileType = sourcecode.swift; path = FakeCardNumberGenerator.swift; sourceTree = "<group>"; };
		79F2F2FC2A72C17800801669 /* Test-Assignment-iOS.app */ = {isa = PBXFileReference; explicitFileType = wrapper.application; includeInIndex = 0; path = "Test-Assignment-iOS.app"; sourceTree = BUILT_PRODUCTS_DIR; };
		79F2F2FF2A72C17800801669 /* AppDelegate.swift */ = {isa = PBXFileReference; lastKnownFileType = sourcecode.swift; path = AppDelegate.swift; sourceTree = "<group>"; };
		79F2F3012A72C17800801669 /* SceneDelegate.swift */ = {isa = PBXFileReference; lastKnownFileType = sourcecode.swift; path = SceneDelegate.swift; sourceTree = "<group>"; };
		79F2F3032A72C17800801669 /* MainViewController.swift */ = {isa = PBXFileReference; lastKnownFileType = sourcecode.swift; path = MainViewController.swift; sourceTree = "<group>"; };
		79F2F3062A72C17800801669 /* Base */ = {isa = PBXFileReference; lastKnownFileType = file.storyboard; name = Base; path = Base.lproj/Main.storyboard; sourceTree = "<group>"; };
		79F2F3082A72C17A00801669 /* Assets.xcassets */ = {isa = PBXFileReference; lastKnownFileType = folder.assetcatalog; path = Assets.xcassets; sourceTree = "<group>"; };
		79F2F30B2A72C17A00801669 /* Base */ = {isa = PBXFileReference; lastKnownFileType = file.storyboard; name = Base; path = Base.lproj/LaunchScreen.storyboard; sourceTree = "<group>"; };
		79F2F30D2A72C17A00801669 /* Info.plist */ = {isa = PBXFileReference; lastKnownFileType = text.plist.xml; path = Info.plist; sourceTree = "<group>"; };
		79F2F3132A72C26900801669 /* Coordinator.swift */ = {isa = PBXFileReference; lastKnownFileType = sourcecode.swift; path = Coordinator.swift; sourceTree = "<group>"; };
		79F2F3152A72C29B00801669 /* MainCoordinator.swift */ = {isa = PBXFileReference; lastKnownFileType = sourcecode.swift; path = MainCoordinator.swift; sourceTree = "<group>"; };
		79F2F3172A72C32600801669 /* Storyboarded.swift */ = {isa = PBXFileReference; lastKnownFileType = sourcecode.swift; path = Storyboarded.swift; sourceTree = "<group>"; };
/* End PBXFileReference section */

/* Begin PBXFrameworksBuildPhase section */
		79F2F2F92A72C17800801669 /* Frameworks */ = {
			isa = PBXFrameworksBuildPhase;
			buildActionMask = 2147483647;
			files = (
			);
			runOnlyForDeploymentPostprocessing = 0;
		};
/* End PBXFrameworksBuildPhase section */

/* Begin PBXGroup section */
		79355D8A2A72D64E00FF18CD /* Models */ = {
			isa = PBXGroup;
			children = (
				79355D882A72D61D00FF18CD /* DebitCard.swift */,
				79355D862A72D46300FF18CD /* Card.swift */,
			);
			path = Models;
			sourceTree = "<group>";
		};
		79F2F2F32A72C17800801669 = {
			isa = PBXGroup;
			children = (
				79F2F2FE2A72C17800801669 /* Test-Assignment-iOS */,
				79F2F2FD2A72C17800801669 /* Products */,
			);
			sourceTree = "<group>";
		};
		79F2F2FD2A72C17800801669 /* Products */ = {
			isa = PBXGroup;
			children = (
				79F2F2FC2A72C17800801669 /* Test-Assignment-iOS.app */,
			);
			name = Products;
			sourceTree = "<group>";
		};
		79F2F2FE2A72C17800801669 /* Test-Assignment-iOS */ = {
			isa = PBXGroup;
			children = (
				79F2F31B2A72C52900801669 /* AppsLifecycle */,
				79F2F31A2A72C50B00801669 /* MainScreen */,
				79355D8A2A72D64E00FF18CD /* Models */,
				79F2F3192A72C4E600801669 /* Utilites */,
				79F2F31C2A72C54D00801669 /* Views */,
				79F2F3082A72C17A00801669 /* Assets.xcassets */,
				79F2F30D2A72C17A00801669 /* Info.plist */,
			);
			path = "Test-Assignment-iOS";
			sourceTree = "<group>";
		};
		79F2F3192A72C4E600801669 /* Utilites */ = {
			isa = PBXGroup;
			children = (
				79355D8B2A72D70F00FF18CD /* JSONCoder.swift */,
				79F2F3132A72C26900801669 /* Coordinator.swift */,
				79F2F3172A72C32600801669 /* Storyboarded.swift */,
				79355D8D2A72E03D00FF18CD /* FakeCardNumberGenerator.swift */,
			);
			path = Utilites;
			sourceTree = "<group>";
		};
		79F2F31A2A72C50B00801669 /* MainScreen */ = {
			isa = PBXGroup;
			children = (
				79F2F3032A72C17800801669 /* MainViewController.swift */,
				79F2F3152A72C29B00801669 /* MainCoordinator.swift */,
				79355D842A72C71900FF18CD /* MainViewController+UITableViewDelegate.swift */,
			);
			path = MainScreen;
			sourceTree = "<group>";
		};
		79F2F31B2A72C52900801669 /* AppsLifecycle */ = {
			isa = PBXGroup;
			children = (
				79F2F2FF2A72C17800801669 /* AppDelegate.swift */,
				79F2F3012A72C17800801669 /* SceneDelegate.swift */,
			);
			path = AppsLifecycle;
			sourceTree = "<group>";
		};
		79F2F31C2A72C54D00801669 /* Views */ = {
			isa = PBXGroup;
			children = (
				79F2F3052A72C17800801669 /* Main.storyboard */,
				79F2F30A2A72C17A00801669 /* LaunchScreen.storyboard */,
			);
			path = Views;
			sourceTree = "<group>";
		};
/* End PBXGroup section */

/* Begin PBXNativeTarget section */
		79F2F2FB2A72C17800801669 /* Test-Assignment-iOS */ = {
			isa = PBXNativeTarget;
			buildConfigurationList = 79F2F3102A72C17A00801669 /* Build configuration list for PBXNativeTarget "Test-Assignment-iOS" */;
			buildPhases = (
				79F2F2F82A72C17800801669 /* Sources */,
				79F2F2F92A72C17800801669 /* Frameworks */,
				79F2F2FA2A72C17800801669 /* Resources */,
			);
			buildRules = (
			);
			dependencies = (
			);
			name = "Test-Assignment-iOS";
			productName = "Test-Assignment-iOS";
			productReference = 79F2F2FC2A72C17800801669 /* Test-Assignment-iOS.app */;
			productType = "com.apple.product-type.application";
		};
/* End PBXNativeTarget section */

/* Begin PBXProject section */
		79F2F2F42A72C17800801669 /* Project object */ = {
			isa = PBXProject;
			attributes = {
				BuildIndependentTargetsInParallel = 1;
				LastSwiftUpdateCheck = 1430;
				LastUpgradeCheck = 1430;
				TargetAttributes = {
					79F2F2FB2A72C17800801669 = {
						CreatedOnToolsVersion = 14.3.1;
					};
				};
			};
			buildConfigurationList = 79F2F2F72A72C17800801669 /* Build configuration list for PBXProject "Test-Assignment-iOS" */;
			compatibilityVersion = "Xcode 14.0";
			developmentRegion = en;
			hasScannedForEncodings = 0;
			knownRegions = (
				en,
				Base,
			);
			mainGroup = 79F2F2F32A72C17800801669;
			productRefGroup = 79F2F2FD2A72C17800801669 /* Products */;
			projectDirPath = "";
			projectRoot = "";
			targets = (
				79F2F2FB2A72C17800801669 /* Test-Assignment-iOS */,
			);
		};
/* End PBXProject section */

/* Begin PBXResourcesBuildPhase section */
		79F2F2FA2A72C17800801669 /* Resources */ = {
			isa = PBXResourcesBuildPhase;
			buildActionMask = 2147483647;
			files = (
				79F2F30C2A72C17A00801669 /* LaunchScreen.storyboard in Resources */,
				79F2F3092A72C17A00801669 /* Assets.xcassets in Resources */,
				79F2F3072A72C17800801669 /* Main.storyboard in Resources */,
			);
			runOnlyForDeploymentPostprocessing = 0;
		};
/* End PBXResourcesBuildPhase section */

/* Begin PBXSourcesBuildPhase section */
		79F2F2F82A72C17800801669 /* Sources */ = {
			isa = PBXSourcesBuildPhase;
			buildActionMask = 2147483647;
			files = (
				79F2F3142A72C26900801669 /* Coordinator.swift in Sources */,
				79F2F3042A72C17800801669 /* MainViewController.swift in Sources */,
				79355D892A72D61D00FF18CD /* DebitCard.swift in Sources */,
				79F2F3002A72C17800801669 /* AppDelegate.swift in Sources */,
				79F2F3162A72C29B00801669 /* MainCoordinator.swift in Sources */,
				79355D852A72C71900FF18CD /* MainViewController+UITableViewDelegate.swift in Sources */,
				79F2F3022A72C17800801669 /* SceneDelegate.swift in Sources */,
				79355D8E2A72E03D00FF18CD /* FakeCardNumberGenerator.swift in Sources */,
				79355D8C2A72D70F00FF18CD /* JSONCoder.swift in Sources */,
				79F2F3182A72C32600801669 /* Storyboarded.swift in Sources */,
				79355D872A72D46300FF18CD /* Card.swift in Sources */,
			);
			runOnlyForDeploymentPostprocessing = 0;
		};
/* End PBXSourcesBuildPhase section */

/* Begin PBXVariantGroup section */
		79F2F3052A72C17800801669 /* Main.storyboard */ = {
			isa = PBXVariantGroup;
			children = (
				79F2F3062A72C17800801669 /* Base */,
			);
			name = Main.storyboard;
			sourceTree = "<group>";
		};
		79F2F30A2A72C17A00801669 /* LaunchScreen.storyboard */ = {
			isa = PBXVariantGroup;
			children = (
				79F2F30B2A72C17A00801669 /* Base */,
			);
			name = LaunchScreen.storyboard;
			sourceTree = "<group>";
		};
/* End PBXVariantGroup section */

/* Begin XCBuildConfiguration section */
		79F2F30E2A72C17A00801669 /* Debug */ = {
			isa = XCBuildConfiguration;
			buildSettings = {
				ALWAYS_SEARCH_USER_PATHS = NO;
				CLANG_ANALYZER_NONNULL = YES;
				CLANG_ANALYZER_NUMBER_OBJECT_CONVERSION = YES_AGGRESSIVE;
				CLANG_CXX_LANGUAGE_STANDARD = "gnu++20";
				CLANG_ENABLE_MODULES = YES;
				CLANG_ENABLE_OBJC_ARC = YES;
				CLANG_ENABLE_OBJC_WEAK = YES;
				CLANG_WARN_BLOCK_CAPTURE_AUTORELEASING = YES;
				CLANG_WARN_BOOL_CONVERSION = YES;
				CLANG_WARN_COMMA = YES;
				CLANG_WARN_CONSTANT_CONVERSION = YES;
				CLANG_WARN_DEPRECATED_OBJC_IMPLEMENTATIONS = YES;
				CLANG_WARN_DIRECT_OBJC_ISA_USAGE = YES_ERROR;
				CLANG_WARN_DOCUMENTATION_COMMENTS = YES;
				CLANG_WARN_EMPTY_BODY = YES;
				CLANG_WARN_ENUM_CONVERSION = YES;
				CLANG_WARN_INFINITE_RECURSION = YES;
				CLANG_WARN_INT_CONVERSION = YES;
				CLANG_WARN_NON_LITERAL_NULL_CONVERSION = YES;
				CLANG_WARN_OBJC_IMPLICIT_RETAIN_SELF = YES;
				CLANG_WARN_OBJC_LITERAL_CONVERSION = YES;
				CLANG_WARN_OBJC_ROOT_CLASS = YES_ERROR;
				CLANG_WARN_QUOTED_INCLUDE_IN_FRAMEWORK_HEADER = YES;
				CLANG_WARN_RANGE_LOOP_ANALYSIS = YES;
				CLANG_WARN_STRICT_PROTOTYPES = YES;
				CLANG_WARN_SUSPICIOUS_MOVE = YES;
				CLANG_WARN_UNGUARDED_AVAILABILITY = YES_AGGRESSIVE;
				CLANG_WARN_UNREACHABLE_CODE = YES;
				CLANG_WARN__DUPLICATE_METHOD_MATCH = YES;
				COPY_PHASE_STRIP = NO;
				DEBUG_INFORMATION_FORMAT = dwarf;
				ENABLE_STRICT_OBJC_MSGSEND = YES;
				ENABLE_TESTABILITY = YES;
				GCC_C_LANGUAGE_STANDARD = gnu11;
				GCC_DYNAMIC_NO_PIC = NO;
				GCC_NO_COMMON_BLOCKS = YES;
				GCC_OPTIMIZATION_LEVEL = 0;
				GCC_PREPROCESSOR_DEFINITIONS = (
					"DEBUG=1",
					"$(inherited)",
				);
				GCC_WARN_64_TO_32_BIT_CONVERSION = YES;
				GCC_WARN_ABOUT_RETURN_TYPE = YES_ERROR;
				GCC_WARN_UNDECLARED_SELECTOR = YES;
				GCC_WARN_UNINITIALIZED_AUTOS = YES_AGGRESSIVE;
				GCC_WARN_UNUSED_FUNCTION = YES;
				GCC_WARN_UNUSED_VARIABLE = YES;
				IPHONEOS_DEPLOYMENT_TARGET = 16.4;
				MTL_ENABLE_DEBUG_INFO = INCLUDE_SOURCE;
				MTL_FAST_MATH = YES;
				ONLY_ACTIVE_ARCH = YES;
				SDKROOT = iphoneos;
				SWIFT_ACTIVE_COMPILATION_CONDITIONS = DEBUG;
				SWIFT_OPTIMIZATION_LEVEL = "-Onone";
			};
			name = Debug;
		};
		79F2F30F2A72C17A00801669 /* Release */ = {
			isa = XCBuildConfiguration;
			buildSettings = {
				ALWAYS_SEARCH_USER_PATHS = NO;
				CLANG_ANALYZER_NONNULL = YES;
				CLANG_ANALYZER_NUMBER_OBJECT_CONVERSION = YES_AGGRESSIVE;
				CLANG_CXX_LANGUAGE_STANDARD = "gnu++20";
				CLANG_ENABLE_MODULES = YES;
				CLANG_ENABLE_OBJC_ARC = YES;
				CLANG_ENABLE_OBJC_WEAK = YES;
				CLANG_WARN_BLOCK_CAPTURE_AUTORELEASING = YES;
				CLANG_WARN_BOOL_CONVERSION = YES;
				CLANG_WARN_COMMA = YES;
				CLANG_WARN_CONSTANT_CONVERSION = YES;
				CLANG_WARN_DEPRECATED_OBJC_IMPLEMENTATIONS = YES;
				CLANG_WARN_DIRECT_OBJC_ISA_USAGE = YES_ERROR;
				CLANG_WARN_DOCUMENTATION_COMMENTS = YES;
				CLANG_WARN_EMPTY_BODY = YES;
				CLANG_WARN_ENUM_CONVERSION = YES;
				CLANG_WARN_INFINITE_RECURSION = YES;
				CLANG_WARN_INT_CONVERSION = YES;
				CLANG_WARN_NON_LITERAL_NULL_CONVERSION = YES;
				CLANG_WARN_OBJC_IMPLICIT_RETAIN_SELF = YES;
				CLANG_WARN_OBJC_LITERAL_CONVERSION = YES;
				CLANG_WARN_OBJC_ROOT_CLASS = YES_ERROR;
				CLANG_WARN_QUOTED_INCLUDE_IN_FRAMEWORK_HEADER = YES;
				CLANG_WARN_RANGE_LOOP_ANALYSIS = YES;
				CLANG_WARN_STRICT_PROTOTYPES = YES;
				CLANG_WARN_SUSPICIOUS_MOVE = YES;
				CLANG_WARN_UNGUARDED_AVAILABILITY = YES_AGGRESSIVE;
				CLANG_WARN_UNREACHABLE_CODE = YES;
				CLANG_WARN__DUPLICATE_METHOD_MATCH = YES;
				COPY_PHASE_STRIP = NO;
				DEBUG_INFORMATION_FORMAT = "dwarf-with-dsym";
				ENABLE_NS_ASSERTIONS = NO;
				ENABLE_STRICT_OBJC_MSGSEND = YES;
				GCC_C_LANGUAGE_STANDARD = gnu11;
				GCC_NO_COMMON_BLOCKS = YES;
				GCC_WARN_64_TO_32_BIT_CONVERSION = YES;
				GCC_WARN_ABOUT_RETURN_TYPE = YES_ERROR;
				GCC_WARN_UNDECLARED_SELECTOR = YES;
				GCC_WARN_UNINITIALIZED_AUTOS = YES_AGGRESSIVE;
				GCC_WARN_UNUSED_FUNCTION = YES;
				GCC_WARN_UNUSED_VARIABLE = YES;
				IPHONEOS_DEPLOYMENT_TARGET = 16.4;
				MTL_ENABLE_DEBUG_INFO = NO;
				MTL_FAST_MATH = YES;
				SDKROOT = iphoneos;
				SWIFT_COMPILATION_MODE = wholemodule;
				SWIFT_OPTIMIZATION_LEVEL = "-O";
				VALIDATE_PRODUCT = YES;
			};
			name = Release;
		};
		79F2F3112A72C17A00801669 /* Debug */ = {
			isa = XCBuildConfiguration;
			buildSettings = {
				ASSETCATALOG_COMPILER_APPICON_NAME = AppIcon;
				ASSETCATALOG_COMPILER_GLOBAL_ACCENT_COLOR_NAME = AccentColor;
				CODE_SIGN_STYLE = Automatic;
				CURRENT_PROJECT_VERSION = 1;
				DEVELOPMENT_TEAM = VNU8KKW4GG;
				GENERATE_INFOPLIST_FILE = YES;
				INFOPLIST_FILE = "Test-Assignment-iOS/Info.plist";
				INFOPLIST_KEY_UIApplicationSupportsIndirectInputEvents = YES;
				INFOPLIST_KEY_UILaunchStoryboardName = LaunchScreen;
				INFOPLIST_KEY_UIMainStoryboardFile = Main;
				INFOPLIST_KEY_UISupportedInterfaceOrientations_iPad = "UIInterfaceOrientationPortrait UIInterfaceOrientationPortraitUpsideDown UIInterfaceOrientationLandscapeLeft UIInterfaceOrientationLandscapeRight";
				INFOPLIST_KEY_UISupportedInterfaceOrientations_iPhone = "UIInterfaceOrientationPortrait UIInterfaceOrientationLandscapeLeft UIInterfaceOrientationLandscapeRight";
				LD_RUNPATH_SEARCH_PATHS = (
					"$(inherited)",
					"@executable_path/Frameworks",
				);
				MARKETING_VERSION = 1.0;
				PRODUCT_BUNDLE_IDENTIFIER = "ua.edu.ukma.litvinchuk.Test-Assignment-iOS";
				PRODUCT_NAME = "$(TARGET_NAME)";
				SWIFT_EMIT_LOC_STRINGS = YES;
				SWIFT_VERSION = 5.0;
				TARGETED_DEVICE_FAMILY = "1,2";
			};
			name = Debug;
		};
		79F2F3122A72C17A00801669 /* Release */ = {
			isa = XCBuildConfiguration;
			buildSettings = {
				ASSETCATALOG_COMPILER_APPICON_NAME = AppIcon;
				ASSETCATALOG_COMPILER_GLOBAL_ACCENT_COLOR_NAME = AccentColor;
				CODE_SIGN_STYLE = Automatic;
				CURRENT_PROJECT_VERSION = 1;
				DEVELOPMENT_TEAM = VNU8KKW4GG;
				GENERATE_INFOPLIST_FILE = YES;
				INFOPLIST_FILE = "Test-Assignment-iOS/Info.plist";
				INFOPLIST_KEY_UIApplicationSupportsIndirectInputEvents = YES;
				INFOPLIST_KEY_UILaunchStoryboardName = LaunchScreen;
				INFOPLIST_KEY_UIMainStoryboardFile = Main;
				INFOPLIST_KEY_UISupportedInterfaceOrientations_iPad = "UIInterfaceOrientationPortrait UIInterfaceOrientationPortraitUpsideDown UIInterfaceOrientationLandscapeLeft UIInterfaceOrientationLandscapeRight";
				INFOPLIST_KEY_UISupportedInterfaceOrientations_iPhone = "UIInterfaceOrientationPortrait UIInterfaceOrientationLandscapeLeft UIInterfaceOrientationLandscapeRight";
				LD_RUNPATH_SEARCH_PATHS = (
					"$(inherited)",
					"@executable_path/Frameworks",
				);
				MARKETING_VERSION = 1.0;
				PRODUCT_BUNDLE_IDENTIFIER = "ua.edu.ukma.litvinchuk.Test-Assignment-iOS";
				PRODUCT_NAME = "$(TARGET_NAME)";
				SWIFT_EMIT_LOC_STRINGS = YES;
				SWIFT_VERSION = 5.0;
				TARGETED_DEVICE_FAMILY = "1,2";
			};
			name = Release;
		};
/* End XCBuildConfiguration section */

/* Begin XCConfigurationList section */
		79F2F2F72A72C17800801669 /* Build configuration list for PBXProject "Test-Assignment-iOS" */ = {
			isa = XCConfigurationList;
			buildConfigurations = (
				79F2F30E2A72C17A00801669 /* Debug */,
				79F2F30F2A72C17A00801669 /* Release */,
			);
			defaultConfigurationIsVisible = 0;
			defaultConfigurationName = Release;
		};
		79F2F3102A72C17A00801669 /* Build configuration list for PBXNativeTarget "Test-Assignment-iOS" */ = {
			isa = XCConfigurationList;
			buildConfigurations = (
				79F2F3112A72C17A00801669 /* Debug */,
				79F2F3122A72C17A00801669 /* Release */,
			);
			defaultConfigurationIsVisible = 0;
			defaultConfigurationName = Release;
		};
/* End XCConfigurationList section */
	};
	rootObject = 79F2F2F42A72C17800801669 /* Project object */;
}
